{
  "name": "untitled",
  "version": "1.0.0",
  "lockfileVersion": 1,
  "requires": true,
  "dependencies": {
    "bootstrap": {
      "version": "3.3.7",
      "resolved": "https://registry.npmjs.org/bootstrap/-/bootstrap-3.3.7.tgz",
      "integrity": "sha1-WjiTlFSfIzMIdaOxUGVldPip63E="
    },
    "isomer": {
      "version": "0.2.6",
      "resolved": "https://registry.npmjs.org/isomer/-/isomer-0.2.6.tgz",
      "integrity": "sha1-gbzzP32hOSRyZIR6KA0BKfzlMYY="
    }
  }
}
